
Microsoft Visual Studio Solution File, Format Version 12.00
# Visual Studio Version 17
VisualStudioVersion = 17.1.32421.90
MinimumVisualStudioVersion = 10.0.40219.1
Project("{FAE04EC0-301F-11D3-BF4B-00C04F79EFBC}") = "TaghcheCaching", "TaghcheCaching\TaghcheCaching.csproj", "{5EE1DBFB-DF1D-41AB-85DA-F8268E27FAC1}"
EndProject
Project("{FAE04EC0-301F-11D3-BF4B-00C04F79EFBC}") = "TaghcheCaching.InfraStructure", "TaghcheCaching.InfraStructure\TaghcheCaching.InfraStructure.csproj", "{C0BF727D-F865-49E6-8FAC-C00D5D790EEF}"
EndProject
Project("{FAE04EC0-301F-11D3-BF4B-00C04F79EFBC}") = "TaghcheCaching.Application", "TaghcheCaching.Application\TaghcheCaching.Application.csproj", "{14CD4B20-4226-42F8-90B6-B68FF64A15DF}"
EndProject
Global
	GlobalSection(SolutionConfigurationPlatforms) = preSolution
		Debug|Any CPU = Debug|Any CPU
		Release|Any CPU = Release|Any CPU
	EndGlobalSection
	GlobalSection(ProjectConfigurationPlatforms) = postSolution
		{5EE1DBFB-DF1D-41AB-85DA-F8268E27FAC1}.Debug|Any CPU.ActiveCfg = Debug|Any CPU
		{5EE1DBFB-DF1D-41AB-85DA-F8268E27FAC1}.Debug|Any CPU.Build.0 = Debug|Any CPU
		{5EE1DBFB-DF1D-41AB-85DA-F8268E27FAC1}.Release|Any CPU.ActiveCfg = Release|Any CPU
		{5EE1DBFB-DF1D-41AB-85DA-F8268E27FAC1}.Release|Any CPU.Build.0 = Release|Any CPU
		{C0BF727D-F865-49E6-8FAC-C00D5D790EEF}.Debug|Any CPU.ActiveCfg = Debug|Any CPU
		{C0BF727D-F865-49E6-8FAC-C00D5D790EEF}.Debug|Any CPU.Build.0 = Debug|Any CPU
		{C0BF727D-F865-49E6-8FAC-C00D5D790EEF}.Release|Any CPU.ActiveCfg = Release|Any CPU
		{C0BF727D-F865-49E6-8FAC-C00D5D790EEF}.Release|Any CPU.Build.0 = Release|Any CPU
		{14CD4B20-4226-42F8-90B6-B68FF64A15DF}.Debug|Any CPU.ActiveCfg = Debug|Any CPU
		{14CD4B20-4226-42F8-90B6-B68FF64A15DF}.Debug|Any CPU.Build.0 = Debug|Any CPU
		{14CD4B20-4226-42F8-90B6-B68FF64A15DF}.Release|Any CPU.ActiveCfg = Release|Any CPU
		{14CD4B20-4226-42F8-90B6-B68FF64A15DF}.Release|Any CPU.Build.0 = Release|Any CPU
	EndGlobalSection
	GlobalSection(SolutionProperties) = preSolution
		HideSolutionNode = FALSE
	EndGlobalSection
	GlobalSection(ExtensibilityGlobals) = postSolution
		SolutionGuid = {7471A0FE-300E-44C1-8DC6-AEC5C3AC37CB}
	EndGlobalSection
EndGlobal
